// !$*UTF8*$!
{
	archiveVersion = 1;
	classes = {
	};
	objectVersion = 50;
	objects = {

/* Begin PBXBuildFile section */
		56971B77AE25EF8AFF104FB4 /* Pods_QQ.framework in Frameworks */ = {isa = PBXBuildFile; fileRef = 6BA715A9516C6CC99BC454E4 /* Pods_QQ.framework */; };
		E90EE67C20833E77000FD3CE /* MessagesView.swift in Sources */ = {isa = PBXBuildFile; fileRef = E90EE67B20833E77000FD3CE /* MessagesView.swift */; };
		E91FFBFE2082FEEB007BA83B /* AppDelegate.swift in Sources */ = {isa = PBXBuildFile; fileRef = E91FFBFD2082FEEB007BA83B /* AppDelegate.swift */; };
		E91FFC032082FEEB007BA83B /* Main.storyboard in Resources */ = {isa = PBXBuildFile; fileRef = E91FFC012082FEEB007BA83B /* Main.storyboard */; };
		E91FFC052082FEEC007BA83B /* Assets.xcassets in Resources */ = {isa = PBXBuildFile; fileRef = E91FFC042082FEEC007BA83B /* Assets.xcassets */; };
		E91FFC082082FEEC007BA83B /* LaunchScreen.storyboard in Resources */ = {isa = PBXBuildFile; fileRef = E91FFC062082FEEC007BA83B /* LaunchScreen.storyboard */; };
		E921CBD720A5B71A00D6FA98 /* ContactsViewController.swift in Sources */ = {isa = PBXBuildFile; fileRef = E921CBD520A5B71A00D6FA98 /* ContactsViewController.swift */; };
		E921CBD820A5B71A00D6FA98 /* MomentsViewController.swift in Sources */ = {isa = PBXBuildFile; fileRef = E921CBD620A5B71A00D6FA98 /* MomentsViewController.swift */; };
		E923A046208A025300FE826C /* LoginViewController.swift in Sources */ = {isa = PBXBuildFile; fileRef = E923A045208A025300FE826C /* LoginViewController.swift */; };
		E93E6E0C208D8C2200E58048 /* MenuViewController.swift in Sources */ = {isa = PBXBuildFile; fileRef = E93E6E0B208D8C2200E58048 /* MenuViewController.swift */; };
		E97870E020A3F1F70087BC84 /* SearchResultVC.swift in Sources */ = {isa = PBXBuildFile; fileRef = E97870DF20A3F1F70087BC84 /* SearchResultVC.swift */; };
		E99794A1208DF504009881C2 /* MainTabBarController.swift in Sources */ = {isa = PBXBuildFile; fileRef = E99794A0208DF504009881C2 /* MainTabBarController.swift */; };
		E9A2B3E820A4318D001D94BC /* MessageViewController.swift in Sources */ = {isa = PBXBuildFile; fileRef = E9A2B3E720A4318D001D94BC /* MessageViewController.swift */; };
		E9D5027E209CB54400700F5B /* QRInfoView.swift in Sources */ = {isa = PBXBuildFile; fileRef = E9D5027D209CB54400700F5B /* QRInfoView.swift */; };
		E9E3389F20AAC5EB00DAB62B /* MainViewController.swift in Sources */ = {isa = PBXBuildFile; fileRef = E9E3389E20AAC5EB00DAB62B /* MainViewController.swift */; };
/* End PBXBuildFile section */

/* Begin PBXFileReference section */
		40DAFCBF7FE3A9E3759E91C6 /* Pods-QQ.release.xcconfig */ = {isa = PBXFileReference; includeInIndex = 1; lastKnownFileType = text.xcconfig; name = "Pods-QQ.release.xcconfig"; path = "Pods/Target Support Files/Pods-QQ/Pods-QQ.release.xcconfig"; sourceTree = "<group>"; };
		5AC1908A66D590FC9D3C6978 /* Pods-QQ.debug.xcconfig */ = {isa = PBXFileReference; includeInIndex = 1; lastKnownFileType = text.xcconfig; name = "Pods-QQ.debug.xcconfig"; path = "Pods/Target Support Files/Pods-QQ/Pods-QQ.debug.xcconfig"; sourceTree = "<group>"; };
		6BA715A9516C6CC99BC454E4 /* Pods_QQ.framework */ = {isa = PBXFileReference; explicitFileType = wrapper.framework; includeInIndex = 0; path = Pods_QQ.framework; sourceTree = BUILT_PRODUCTS_DIR; };
		E90EE67B20833E77000FD3CE /* MessagesView.swift */ = {isa = PBXFileReference; lastKnownFileType = sourcecode.swift; path = MessagesView.swift; sourceTree = "<group>"; };
		E91FFBFA2082FEEB007BA83B /* QQ.app */ = {isa = PBXFileReference; explicitFileType = wrapper.application; includeInIndex = 0; path = QQ.app; sourceTree = BUILT_PRODUCTS_DIR; };
		E91FFBFD2082FEEB007BA83B /* AppDelegate.swift */ = {isa = PBXFileReference; lastKnownFileType = sourcecode.swift; path = AppDelegate.swift; sourceTree = "<group>"; };
		E91FFC022082FEEB007BA83B /* Base */ = {isa = PBXFileReference; lastKnownFileType = file.storyboard; name = Base; path = Base.lproj/Main.storyboard; sourceTree = "<group>"; };
		E91FFC042082FEEC007BA83B /* Assets.xcassets */ = {isa = PBXFileReference; lastKnownFileType = folder.assetcatalog; path = Assets.xcassets; sourceTree = "<group>"; };
		E91FFC072082FEEC007BA83B /* Base */ = {isa = PBXFileReference; lastKnownFileType = file.storyboard; name = Base; path = Base.lproj/LaunchScreen.storyboard; sourceTree = "<group>"; };
		E91FFC092082FEEC007BA83B /* Info.plist */ = {isa = PBXFileReference; lastKnownFileType = text.plist.xml; path = Info.plist; sourceTree = "<group>"; };
		E921CBD520A5B71A00D6FA98 /* ContactsViewController.swift */ = {isa = PBXFileReference; fileEncoding = 4; lastKnownFileType = sourcecode.swift; path = ContactsViewController.swift; sourceTree = "<group>"; };
		E921CBD620A5B71A00D6FA98 /* MomentsViewController.swift */ = {isa = PBXFileReference; fileEncoding = 4; lastKnownFileType = sourcecode.swift; path = MomentsViewController.swift; sourceTree = "<group>"; };
		E923A045208A025300FE826C /* LoginViewController.swift */ = {isa = PBXFileReference; lastKnownFileType = sourcecode.swift; path = LoginViewController.swift; sourceTree = "<group>"; };
		E939F364208CBD6200DC247A /* QQ-Birdging-Header.h */ = {isa = PBXFileReference; lastKnownFileType = sourcecode.c.h; path = "QQ-Birdging-Header.h"; sourceTree = "<group>"; };
		E93E6E0B208D8C2200E58048 /* MenuViewController.swift */ = {isa = PBXFileReference; lastKnownFileType = sourcecode.swift; path = MenuViewController.swift; sourceTree = "<group>"; };
		E97870DF20A3F1F70087BC84 /* SearchResultVC.swift */ = {isa = PBXFileReference; lastKnownFileType = sourcecode.swift; path = SearchResultVC.swift; sourceTree = "<group>"; };
		E97870E120A3F46F0087BC84 /* zh-Hans */ = {isa = PBXFileReference; lastKnownFileType = text.plist.strings; name = "zh-Hans"; path = "zh-Hans.lproj/Main.strings"; sourceTree = "<group>"; };
		E97870E220A3F46F0087BC84 /* zh-Hans */ = {isa = PBXFileReference; lastKnownFileType = text.plist.strings; name = "zh-Hans"; path = "zh-Hans.lproj/LaunchScreen.strings"; sourceTree = "<group>"; };
		E99794A0208DF504009881C2 /* MainTabBarController.swift */ = {isa = PBXFileReference; lastKnownFileType = sourcecode.swift; path = MainTabBarController.swift; sourceTree = "<group>"; };
		E9A2B3E720A4318D001D94BC /* MessageViewController.swift */ = {isa = PBXFileReference; lastKnownFileType = sourcecode.swift; path = MessageViewController.swift; sourceTree = "<group>"; };
		E9D5027D209CB54400700F5B /* QRInfoView.swift */ = {isa = PBXFileReference; lastKnownFileType = sourcecode.swift; path = QRInfoView.swift; sourceTree = "<group>"; };
		E9E3389E20AAC5EB00DAB62B /* MainViewController.swift */ = {isa = PBXFileReference; lastKnownFileType = sourcecode.swift; path = MainViewController.swift; sourceTree = "<group>"; };
/* End PBXFileReference section */

/* Begin PBXFrameworksBuildPhase section */
		E91FFBF72082FEEB007BA83B /* Frameworks */ = {
			isa = PBXFrameworksBuildPhase;
			buildActionMask = 2147483647;
			files = (
				56971B77AE25EF8AFF104FB4 /* Pods_QQ.framework in Frameworks */,
			);
			runOnlyForDeploymentPostprocessing = 0;
		};
/* End PBXFrameworksBuildPhase section */

/* Begin PBXGroup section */
		C089F8819C34B7F6BF8F88E0 /* Pods */ = {
			isa = PBXGroup;
			children = (
				5AC1908A66D590FC9D3C6978 /* Pods-QQ.debug.xcconfig */,
				40DAFCBF7FE3A9E3759E91C6 /* Pods-QQ.release.xcconfig */,
			);
			name = Pods;
			sourceTree = "<group>";
		};
		E91FFBF12082FEEB007BA83B = {
			isa = PBXGroup;
			children = (
				E939F363208CBD4500DC247A /* Head */,
				E91FFBFC2082FEEB007BA83B /* QQ */,
				E91FFBFB2082FEEB007BA83B /* Products */,
				C089F8819C34B7F6BF8F88E0 /* Pods */,
				FA086A1F47145404DFD41579 /* Frameworks */,
			);
			sourceTree = "<group>";
		};
		E91FFBFB2082FEEB007BA83B /* Products */ = {
			isa = PBXGroup;
			children = (
				E91FFBFA2082FEEB007BA83B /* QQ.app */,
			);
			name = Products;
			sourceTree = "<group>";
		};
		E91FFBFC2082FEEB007BA83B /* QQ */ = {
			isa = PBXGroup;
			children = (
				E91FFBFD2082FEEB007BA83B /* AppDelegate.swift */,
				E923A045208A025300FE826C /* LoginViewController.swift */,
				E9E3389E20AAC5EB00DAB62B /* MainViewController.swift */,
				E99794A0208DF504009881C2 /* MainTabBarController.swift */,
				E93E6E0B208D8C2200E58048 /* MenuViewController.swift */,
				E9D5027D209CB54400700F5B /* QRInfoView.swift */,
				E97870DF20A3F1F70087BC84 /* SearchResultVC.swift */,
				E93E6E0A208D8A4800E58048 /* TabBarView */,
				E91FFC012082FEEB007BA83B /* Main.storyboard */,
				E91FFC062082FEEC007BA83B /* LaunchScreen.storyboard */,
				E91FFC042082FEEC007BA83B /* Assets.xcassets */,
				E91FFC092082FEEC007BA83B /* Info.plist */,
			);
			path = QQ;
			sourceTree = "<group>";
		};
		E939F363208CBD4500DC247A /* Head */ = {
			isa = PBXGroup;
			children = (
				E939F364208CBD6200DC247A /* QQ-Birdging-Header.h */,
			);
			path = Head;
			sourceTree = "<group>";
		};
		E93E6E0A208D8A4800E58048 /* TabBarView */ = {
			isa = PBXGroup;
			children = (
				E90EE67B20833E77000FD3CE /* MessagesView.swift */,
				E9A2B3E720A4318D001D94BC /* MessageViewController.swift */,
				E921CBD520A5B71A00D6FA98 /* ContactsViewController.swift */,
				E921CBD620A5B71A00D6FA98 /* MomentsViewController.swift */,
			);
			path = TabBarView;
			sourceTree = "<group>";
		};
		FA086A1F47145404DFD41579 /* Frameworks */ = {
			isa = PBXGroup;
			children = (
				6BA715A9516C6CC99BC454E4 /* Pods_QQ.framework */,
			);
			name = Frameworks;
			sourceTree = "<group>";
		};
/* End PBXGroup section */

/* Begin PBXNativeTarget section */
		E91FFBF92082FEEB007BA83B /* QQ */ = {
			isa = PBXNativeTarget;
			buildConfigurationList = E91FFC0C2082FEEC007BA83B /* Build configuration list for PBXNativeTarget "QQ" */;
			buildPhases = (
				FAF4A32EC51DA111AE4C40DE /* [CP] Check Pods Manifest.lock */,
				E91FFBF62082FEEB007BA83B /* Sources */,
				E91FFBF72082FEEB007BA83B /* Frameworks */,
				E91FFBF82082FEEB007BA83B /* Resources */,
				05CF498A46441ADDF5FE155F /* [CP] Embed Pods Frameworks */,
			);
			buildRules = (
			);
			dependencies = (
			);
			name = QQ;
			productName = QQ;
			productReference = E91FFBFA2082FEEB007BA83B /* QQ.app */;
			productType = "com.apple.product-type.application";
		};
/* End PBXNativeTarget section */

/* Begin PBXProject section */
		E91FFBF22082FEEB007BA83B /* Project object */ = {
			isa = PBXProject;
			attributes = {
				LastSwiftUpdateCheck = 0930;
				LastUpgradeCheck = 0930;
				ORGANIZATIONNAME = ChingHoi;
				TargetAttributes = {
					E91FFBF92082FEEB007BA83B = {
						CreatedOnToolsVersion = 9.3;
					};
				};
			};
			buildConfigurationList = E91FFBF52082FEEB007BA83B /* Build configuration list for PBXProject "QQ" */;
			compatibilityVersion = "Xcode 9.3";
			developmentRegion = en;
			hasScannedForEncodings = 0;
			knownRegions = (
				Base,
			);
			mainGroup = E91FFBF12082FEEB007BA83B;
			productRefGroup = E91FFBFB2082FEEB007BA83B /* Products */;
			projectDirPath = "";
			projectRoot = "";
			targets = (
				E91FFBF92082FEEB007BA83B /* QQ */,
			);
		};
/* End PBXProject section */

/* Begin PBXResourcesBuildPhase section */
		E91FFBF82082FEEB007BA83B /* Resources */ = {
			isa = PBXResourcesBuildPhase;
			buildActionMask = 2147483647;
			files = (
				E91FFC082082FEEC007BA83B /* LaunchScreen.storyboard in Resources */,
				E91FFC052082FEEC007BA83B /* Assets.xcassets in Resources */,
				E91FFC032082FEEB007BA83B /* Main.storyboard in Resources */,
			);
			runOnlyForDeploymentPostprocessing = 0;
		};
/* End PBXResourcesBuildPhase section */

/* Begin PBXShellScriptBuildPhase section */
		05CF498A46441ADDF5FE155F /* [CP] Embed Pods Frameworks */ = {
			isa = PBXShellScriptBuildPhase;
			buildActionMask = 2147483647;
			files = (
			);
			inputPaths = (
				"${SRCROOT}/Pods/Target Support Files/Pods-QQ/Pods-QQ-frameworks.sh",
				"${BUILT_PRODUCTS_DIR}/Alamofire/Alamofire.framework",
				"${BUILT_PRODUCTS_DIR}/LeanCloud/LeanCloud.framework",
			);
			name = "[CP] Embed Pods Frameworks";
			outputPaths = (
				"${TARGET_BUILD_DIR}/${FRAMEWORKS_FOLDER_PATH}/Alamofire.framework",
				"${TARGET_BUILD_DIR}/${FRAMEWORKS_FOLDER_PATH}/LeanCloud.framework",
			);
			runOnlyForDeploymentPostprocessing = 0;
			shellPath = /bin/sh;
			shellScript = "\"${SRCROOT}/Pods/Target Support Files/Pods-QQ/Pods-QQ-frameworks.sh\"\n";
			showEnvVarsInLog = 0;
		};
		FAF4A32EC51DA111AE4C40DE /* [CP] Check Pods Manifest.lock */ = {
			isa = PBXShellScriptBuildPhase;
			buildActionMask = 2147483647;
			files = (
			);
			inputPaths = (
				"${PODS_PODFILE_DIR_PATH}/Podfile.lock",
				"${PODS_ROOT}/Manifest.lock",
			);
			name = "[CP] Check Pods Manifest.lock";
			outputPaths = (
				"$(DERIVED_FILE_DIR)/Pods-QQ-checkManifestLockResult.txt",
			);
			runOnlyForDeploymentPostprocessing = 0;
			shellPath = /bin/sh;
			shellScript = "diff \"${PODS_PODFILE_DIR_PATH}/Podfile.lock\" \"${PODS_ROOT}/Manifest.lock\" > /dev/null\nif [ $? != 0 ] ; then\n    # print error to STDERR\n    echo \"error: The sandbox is not in sync with the Podfile.lock. Run 'pod install' or update your CocoaPods installation.\" >&2\n    exit 1\nfi\n# This output is used by Xcode 'outputs' to avoid re-running this script phase.\necho \"SUCCESS\" > \"${SCRIPT_OUTPUT_FILE_0}\"\n";
			showEnvVarsInLog = 0;
		};
/* End PBXShellScriptBuildPhase section */

/* Begin PBXSourcesBuildPhase section */
		E91FFBF62082FEEB007BA83B /* Sources */ = {
			isa = PBXSourcesBuildPhase;
			buildActionMask = 2147483647;
			files = (
				E923A046208A025300FE826C /* LoginViewController.swift in Sources */,
				E9E3389F20AAC5EB00DAB62B /* MainViewController.swift in Sources */,
				E93E6E0C208D8C2200E58048 /* MenuViewController.swift in Sources */,
				E99794A1208DF504009881C2 /* MainTabBarController.swift in Sources */,
				E921CBD720A5B71A00D6FA98 /* ContactsViewController.swift in Sources */,
				E921CBD820A5B71A00D6FA98 /* MomentsViewController.swift in Sources */,
				E9D5027E209CB54400700F5B /* QRInfoView.swift in Sources */,
				E9A2B3E820A4318D001D94BC /* MessageViewController.swift in Sources */,
				E91FFBFE2082FEEB007BA83B /* AppDelegate.swift in Sources */,
				E90EE67C20833E77000FD3CE /* MessagesView.swift in Sources */,
				E97870E020A3F1F70087BC84 /* SearchResultVC.swift in Sources */,
			);
			runOnlyForDeploymentPostprocessing = 0;
		};
/* End PBXSourcesBuildPhase section */

/* Begin PBXVariantGroup section */
		E91FFC012082FEEB007BA83B /* Main.storyboard */ = {
			isa = PBXVariantGroup;
			children = (
				E91FFC022082FEEB007BA83B /* Base */,
				E97870E120A3F46F0087BC84 /* zh-Hans */,
			);
			name = Main.storyboard;
			sourceTree = "<group>";
		};
		E91FFC062082FEEC007BA83B /* LaunchScreen.storyboard */ = {
			isa = PBXVariantGroup;
			children = (
				E91FFC072082FEEC007BA83B /* Base */,
				E97870E220A3F46F0087BC84 /* zh-Hans */,
			);
			name = LaunchScreen.storyboard;
			sourceTree = "<group>";
		};
/* End PBXVariantGroup section */

/* Begin XCBuildConfiguration section */
		E91FFC0A2082FEEC007BA83B /* Debug */ = {
			isa = XCBuildConfiguration;
			buildSettings = {
				ALWAYS_SEARCH_USER_PATHS = NO;
				CLANG_ANALYZER_LOCALIZABILITY_NONLOCALIZED = YES;
				CLANG_ANALYZER_NONNULL = YES;
				CLANG_ANALYZER_NUMBER_OBJECT_CONVERSION = YES_AGGRESSIVE;
				CLANG_CXX_LANGUAGE_STANDARD = "gnu++14";
				CLANG_CXX_LIBRARY = "libc++";
				CLANG_ENABLE_MODULES = YES;
				CLANG_ENABLE_OBJC_ARC = YES;
				CLANG_ENABLE_OBJC_WEAK = YES;
				CLANG_WARN_BLOCK_CAPTURE_AUTORELEASING = YES;
				CLANG_WARN_BOOL_CONVERSION = YES;
				CLANG_WARN_COMMA = YES;
				CLANG_WARN_CONSTANT_CONVERSION = YES;
				CLANG_WARN_DEPRECATED_OBJC_IMPLEMENTATIONS = YES;
				CLANG_WARN_DIRECT_OBJC_ISA_USAGE = YES_ERROR;
				CLANG_WARN_DOCUMENTATION_COMMENTS = YES;
				CLANG_WARN_EMPTY_BODY = YES;
				CLANG_WARN_ENUM_CONVERSION = YES;
				CLANG_WARN_INFINITE_RECURSION = YES;
				CLANG_WARN_INT_CONVERSION = YES;
				CLANG_WARN_NON_LITERAL_NULL_CONVERSION = YES;
				CLANG_WARN_OBJC_IMPLICIT_RETAIN_SELF = YES;
				CLANG_WARN_OBJC_LITERAL_CONVERSION = YES;
				CLANG_WARN_OBJC_ROOT_CLASS = YES_ERROR;
				CLANG_WARN_RANGE_LOOP_ANALYSIS = YES;
				CLANG_WARN_STRICT_PROTOTYPES = YES;
				CLANG_WARN_SUSPICIOUS_MOVE = YES;
				CLANG_WARN_UNGUARDED_AVAILABILITY = YES_AGGRESSIVE;
				CLANG_WARN_UNREACHABLE_CODE = YES;
				CLANG_WARN__DUPLICATE_METHOD_MATCH = YES;
				CODE_SIGN_IDENTITY = "iPhone Developer";
				COPY_PHASE_STRIP = NO;
				DEBUG_INFORMATION_FORMAT = dwarf;
				ENABLE_STRICT_OBJC_MSGSEND = YES;
				ENABLE_TESTABILITY = YES;
				GCC_C_LANGUAGE_STANDARD = gnu11;
				GCC_DYNAMIC_NO_PIC = NO;
				GCC_NO_COMMON_BLOCKS = YES;
				GCC_OPTIMIZATION_LEVEL = 0;
				GCC_PREPROCESSOR_DEFINITIONS = (
					"DEBUG=1",
					"$(inherited)",
				);
				GCC_WARN_64_TO_32_BIT_CONVERSION = YES;
				GCC_WARN_ABOUT_RETURN_TYPE = YES_ERROR;
				GCC_WARN_UNDECLARED_SELECTOR = YES;
				GCC_WARN_UNINITIALIZED_AUTOS = YES_AGGRESSIVE;
				GCC_WARN_UNUSED_FUNCTION = YES;
				GCC_WARN_UNUSED_VARIABLE = YES;
				IPHONEOS_DEPLOYMENT_TARGET = 11.3;
				MTL_ENABLE_DEBUG_INFO = YES;
				ONLY_ACTIVE_ARCH = YES;
				SDKROOT = iphoneos;
				SWIFT_ACTIVE_COMPILATION_CONDITIONS = DEBUG;
				SWIFT_OPTIMIZATION_LEVEL = "-Onone";
			};
			name = Debug;
		};
		E91FFC0B2082FEEC007BA83B /* Release */ = {
			isa = XCBuildConfiguration;
			buildSettings = {
				ALWAYS_SEARCH_USER_PATHS = NO;
				CLANG_ANALYZER_LOCALIZABILITY_NONLOCALIZED = YES;
				CLANG_ANALYZER_NONNULL = YES;
				CLANG_ANALYZER_NUMBER_OBJECT_CONVERSION = YES_AGGRESSIVE;
				CLANG_CXX_LANGUAGE_STANDARD = "gnu++14";
				CLANG_CXX_LIBRARY = "libc++";
				CLANG_ENABLE_MODULES = YES;
				CLANG_ENABLE_OBJC_ARC = YES;
				CLANG_ENABLE_OBJC_WEAK = YES;
				CLANG_WARN_BLOCK_CAPTURE_AUTORELEASING = YES;
				CLANG_WARN_BOOL_CONVERSION = YES;
				CLANG_WARN_COMMA = YES;
				CLANG_WARN_CONSTANT_CONVERSION = YES;
				CLANG_WARN_DEPRECATED_OBJC_IMPLEMENTATIONS = YES;
				CLANG_WARN_DIRECT_OBJC_ISA_USAGE = YES_ERROR;
				CLANG_WARN_DOCUMENTATION_COMMENTS = YES;
				CLANG_WARN_EMPTY_BODY = YES;
				CLANG_WARN_ENUM_CONVERSION = YES;
				CLANG_WARN_INFINITE_RECURSION = YES;
				CLANG_WARN_INT_CONVERSION = YES;
				CLANG_WARN_NON_LITERAL_NULL_CONVERSION = YES;
				CLANG_WARN_OBJC_IMPLICIT_RETAIN_SELF = YES;
				CLANG_WARN_OBJC_LITERAL_CONVERSION = YES;
				CLANG_WARN_OBJC_ROOT_CLASS = YES_ERROR;
				CLANG_WARN_RANGE_LOOP_ANALYSIS = YES;
				CLANG_WARN_STRICT_PROTOTYPES = YES;
				CLANG_WARN_SUSPICIOUS_MOVE = YES;
				CLANG_WARN_UNGUARDED_AVAILABILITY = YES_AGGRESSIVE;
				CLANG_WARN_UNREACHABLE_CODE = YES;
				CLANG_WARN__DUPLICATE_METHOD_MATCH = YES;
				CODE_SIGN_IDENTITY = "iPhone Developer";
				COPY_PHASE_STRIP = NO;
				DEBUG_INFORMATION_FORMAT = "dwarf-with-dsym";
				ENABLE_NS_ASSERTIONS = NO;
				ENABLE_STRICT_OBJC_MSGSEND = YES;
				GCC_C_LANGUAGE_STANDARD = gnu11;
				GCC_NO_COMMON_BLOCKS = YES;
				GCC_WARN_64_TO_32_BIT_CONVERSION = YES;
				GCC_WARN_ABOUT_RETURN_TYPE = YES_ERROR;
				GCC_WARN_UNDECLARED_SELECTOR = YES;
				GCC_WARN_UNINITIALIZED_AUTOS = YES_AGGRESSIVE;
				GCC_WARN_UNUSED_FUNCTION = YES;
				GCC_WARN_UNUSED_VARIABLE = YES;
				IPHONEOS_DEPLOYMENT_TARGET = 11.3;
				MTL_ENABLE_DEBUG_INFO = NO;
				SDKROOT = iphoneos;
				SWIFT_COMPILATION_MODE = wholemodule;
				SWIFT_OPTIMIZATION_LEVEL = "-O";
				VALIDATE_PRODUCT = YES;
			};
			name = Release;
		};
		E91FFC0D2082FEEC007BA83B /* Debug */ = {
			isa = XCBuildConfiguration;
			baseConfigurationReference = 5AC1908A66D590FC9D3C6978 /* Pods-QQ.debug.xcconfig */;
			buildSettings = {
				ASSETCATALOG_COMPILER_APPICON_NAME = AppIcon;
				ASSETCATALOG_COMPILER_LAUNCHIMAGE_NAME = LaunchImage;
				CODE_SIGN_STYLE = Automatic;
				DEVELOPMENT_TEAM = 9BX3Y9SNP5;
				INFOPLIST_FILE = QQ/Info.plist;
				LD_RUNPATH_SEARCH_PATHS = (
					"$(inherited)",
					"@executable_path/Frameworks",
				);
				PRODUCT_BUNDLE_IDENTIFIER = com.chinghoi888.QQ;
				PRODUCT_NAME = "$(TARGET_NAME)";
				SWIFT_VERSION = 4.0;
				TARGETED_DEVICE_FAMILY = 1;
			};
			name = Debug;
		};
		E91FFC0E2082FEEC007BA83B /* Release */ = {
			isa = XCBuildConfiguration;
			baseConfigurationReference = 40DAFCBF7FE3A9E3759E91C6 /* Pods-QQ.release.xcconfig */;
			buildSettings = {
				ASSETCATALOG_COMPILER_APPICON_NAME = AppIcon;
				ASSETCATALOG_COMPILER_LAUNCHIMAGE_NAME = LaunchImage;
				CODE_SIGN_STYLE = Automatic;
				DEVELOPMENT_TEAM = 9BX3Y9SNP5;
				INFOPLIST_FILE = QQ/Info.plist;
				LD_RUNPATH_SEARCH_PATHS = (
					"$(inherited)",
					"@executable_path/Frameworks",
				);
				PRODUCT_BUNDLE_IDENTIFIER = com.chinghoi888.QQ;
				PRODUCT_NAME = "$(TARGET_NAME)";
				SWIFT_VERSION = 4.0;
				TARGETED_DEVICE_FAMILY = 1;
			};
			name = Release;
		};
/* End XCBuildConfiguration section */

/* Begin XCConfigurationList section */
		E91FFBF52082FEEB007BA83B /* Build configuration list for PBXProject "QQ" */ = {
			isa = XCConfigurationList;
			buildConfigurations = (
				E91FFC0A2082FEEC007BA83B /* Debug */,
				E91FFC0B2082FEEC007BA83B /* Release */,
			);
			defaultConfigurationIsVisible = 0;
			defaultConfigurationName = Release;
		};
		E91FFC0C2082FEEC007BA83B /* Build configuration list for PBXNativeTarget "QQ" */ = {
			isa = XCConfigurationList;
			buildConfigurations = (
				E91FFC0D2082FEEC007BA83B /* Debug */,
				E91FFC0E2082FEEC007BA83B /* Release */,
			);
			defaultConfigurationIsVisible = 0;
			defaultConfigurationName = Release;
		};
/* End XCConfigurationList section */
	};
	rootObject = E91FFBF22082FEEB007BA83B /* Project object */;
}
